// !$*UTF8*$!
{
	archiveVersion = 1;
	classes = {
	};
	objectVersion = 50;
	objects = {

/* Begin PBXBuildFile section */
		450CC0F5220964F000282BAB /* SignUpInfoVCTests.swift in Sources */ = {isa = PBXBuildFile; fileRef = 450CC0F4220964F000282BAB /* SignUpInfoVCTests.swift */; };
		4515BC24220BA95F0027B415 /* CreateActivityVC.swift in Sources */ = {isa = PBXBuildFile; fileRef = 4515BC23220BA95F0027B415 /* CreateActivityVC.swift */; };
		458CE72C220D36DC00012637 /* SearchTextField.swift in Sources */ = {isa = PBXBuildFile; fileRef = 458CE72B220D36DC00012637 /* SearchTextField.swift */; };
		458CE72E220D472200012637 /* MapItemSearchResult.swift in Sources */ = {isa = PBXBuildFile; fileRef = 458CE72D220D472200012637 /* MapItemSearchResult.swift */; };
		45DA93A8220957CE0064CBEF /* Testing.swift in Sources */ = {isa = PBXBuildFile; fileRef = 45DA93A7220957CE0064CBEF /* Testing.swift */; };
		45DA93A9220957CE0064CBEF /* Testing.swift in Sources */ = {isa = PBXBuildFile; fileRef = 45DA93A7220957CE0064CBEF /* Testing.swift */; };
		45FED0AD220A5F0300B90C3B /* Profile.storyboard in Resources */ = {isa = PBXBuildFile; fileRef = 45FED0AC220A5F0300B90C3B /* Profile.storyboard */; };
		45FED0AF220A657100B90C3B /* DeleteAccountVC.swift in Sources */ = {isa = PBXBuildFile; fileRef = 45FED0AE220A657100B90C3B /* DeleteAccountVC.swift */; };
		5802266A220BE5E90068E08E /* ToggleButton.swift in Sources */ = {isa = PBXBuildFile; fileRef = 58022669220BE5E90068E08E /* ToggleButton.swift */; };
		5802266F220CC1210068E08E /* ToggleButtonTests.swift in Sources */ = {isa = PBXBuildFile; fileRef = 5802266E220CC1210068E08E /* ToggleButtonTests.swift */; };
		582D0FA622035C3D004F71E3 /* FirestoreManager.swift in Sources */ = {isa = PBXBuildFile; fileRef = 582D0FA522035C3D004F71E3 /* FirestoreManager.swift */; };
		582D0FA822036C93004F71E3 /* StorageManager.swift in Sources */ = {isa = PBXBuildFile; fileRef = 582D0FA722036C93004F71E3 /* StorageManager.swift */; };
		589AD64122092F950090A96C /* FirebaseMock.swift in Sources */ = {isa = PBXBuildFile; fileRef = 589AD64022092F950090A96C /* FirebaseMock.swift */; };
		589AD644220948270090A96C /* UtilitiesMock.swift in Sources */ = {isa = PBXBuildFile; fileRef = 589AD643220948270090A96C /* UtilitiesMock.swift */; };
		58A5A404220258E000E0BF38 /* bean.jpg in Resources */ = {isa = PBXBuildFile; fileRef = 58A5A403220258E000E0BF38 /* bean.jpg */; };
		58A5A40522025B6400E0BF38 /* bean.jpg in Resources */ = {isa = PBXBuildFile; fileRef = 58A5A403220258E000E0BF38 /* bean.jpg */; };
		58A5A40722025C2B00E0BF38 /* TopicCellTest.swift in Sources */ = {isa = PBXBuildFile; fileRef = 58A5A40622025C2B00E0BF38 /* TopicCellTest.swift */; };
		58A915B9220E2A5F008C325F /* PickTopics.storyboard in Resources */ = {isa = PBXBuildFile; fileRef = 58A915B8220E2A5F008C325F /* PickTopics.storyboard */; };
		58A915BC220E30F4008C325F /* ActivityTableVC.swift in Sources */ = {isa = PBXBuildFile; fileRef = 58A915BB220E30F4008C325F /* ActivityTableVC.swift */; };
		58AAA6752203F52E00AA538A /* Initialization.swift in Sources */ = {isa = PBXBuildFile; fileRef = 58AAA6742203F52E00AA538A /* Initialization.swift */; };
		58AAA6772203FD3A00AA538A /* TopicCollectionTests.swift in Sources */ = {isa = PBXBuildFile; fileRef = 58AAA6762203FD3A00AA538A /* TopicCollectionTests.swift */; };
		58EA1EF722041436003F6A3A /* StorageManagerTests.swift in Sources */ = {isa = PBXBuildFile; fileRef = 58EA1EF622041436003F6A3A /* StorageManagerTests.swift */; };
		58EF8D852208A1DF00872770 /* FAB.swift in Sources */ = {isa = PBXBuildFile; fileRef = 58EF8D832208A1DF00872770 /* FAB.swift */; };
		58EF8D882208A20500872770 /* SignUpInfoVC.swift in Sources */ = {isa = PBXBuildFile; fileRef = 58EF8D872208A20500872770 /* SignUpInfoVC.swift */; };
		58EF8D8D2208A24700872770 /* DiscoverVC.swift in Sources */ = {isa = PBXBuildFile; fileRef = 58EF8D8A2208A24700872770 /* DiscoverVC.swift */; };
		58EF8D8E2208A24700872770 /* MyActivitiesVC.swift in Sources */ = {isa = PBXBuildFile; fileRef = 58EF8D8B2208A24700872770 /* MyActivitiesVC.swift */; };
		58EF8D952208A25F00872770 /* TopicCollection.swift in Sources */ = {isa = PBXBuildFile; fileRef = 58EF8D8F2208A25E00872770 /* TopicCollection.swift */; };
		58EF8D962208A25F00872770 /* TopicCell.swift in Sources */ = {isa = PBXBuildFile; fileRef = 58EF8D902208A25F00872770 /* TopicCell.swift */; };
		58EF8D972208A25F00872770 /* Topic.swift in Sources */ = {isa = PBXBuildFile; fileRef = 58EF8D912208A25F00872770 /* Topic.swift */; };
		58EF8D982208A25F00872770 /* TopicLayout.swift in Sources */ = {isa = PBXBuildFile; fileRef = 58EF8D922208A25F00872770 /* TopicLayout.swift */; };
		58EF8D992208A25F00872770 /* TopicsVC.swift in Sources */ = {isa = PBXBuildFile; fileRef = 58EF8D932208A25F00872770 /* TopicsVC.swift */; };
		58EF8DA32208A2BC00872770 /* CreateActivityVCTests.swift in Sources */ = {isa = PBXBuildFile; fileRef = 58EF8DA22208A2BC00872770 /* CreateActivityVCTests.swift */; };
		58EF8DA72208A2C600872770 /* MyActivitiesVCTests.swift in Sources */ = {isa = PBXBuildFile; fileRef = 58EF8DA52208A2C600872770 /* MyActivitiesVCTests.swift */; };
		58EF8DA82208A2C600872770 /* DiscoverVCTests.swift in Sources */ = {isa = PBXBuildFile; fileRef = 58EF8DA62208A2C600872770 /* DiscoverVCTests.swift */; };
		58EF8DB22208A2E900872770 /* TopicCollectionTests.swift in Sources */ = {isa = PBXBuildFile; fileRef = 58EF8DAE2208A2E900872770 /* TopicCollectionTests.swift */; };
		58EF8DB42208A2E900872770 /* LayoutMeasurementsTests.swift in Sources */ = {isa = PBXBuildFile; fileRef = 58EF8DB02208A2E900872770 /* LayoutMeasurementsTests.swift */; };
		58EF8DBE2208BE5E00872770 /* CreateActivity.storyboard in Resources */ = {isa = PBXBuildFile; fileRef = 58EF8DB72208BE5E00872770 /* CreateActivity.storyboard */; };
		58EF8DBF2208BE5E00872770 /* BuddiesStoryboard.swift in Sources */ = {isa = PBXBuildFile; fileRef = 58EF8DB82208BE5E00872770 /* BuddiesStoryboard.swift */; };
		58EF8DC02208BE5E00872770 /* LaunchScreen.storyboard in Resources */ = {isa = PBXBuildFile; fileRef = 58EF8DB92208BE5E00872770 /* LaunchScreen.storyboard */; };
		58EF8DC12208BE5E00872770 /* Main.storyboard in Resources */ = {isa = PBXBuildFile; fileRef = 58EF8DBB2208BE5E00872770 /* Main.storyboard */; };
		58EF8DC22208BE5E00872770 /* Login.storyboard in Resources */ = {isa = PBXBuildFile; fileRef = 58EF8DBC2208BE5E00872770 /* Login.storyboard */; };
		58EF8DC32208BE5E00872770 /* Topics.storyboard in Resources */ = {isa = PBXBuildFile; fileRef = 58EF8DBD2208BE5E00872770 /* Topics.storyboard */; };
		A850ED5D2203934200DBF1A6 /* NotificationService.swift in Sources */ = {isa = PBXBuildFile; fileRef = A850ED5C2203934200DBF1A6 /* NotificationService.swift */; };
		A850ED612203A12900DBF1A6 /* GoogleService-Info.plist in Resources */ = {isa = PBXBuildFile; fileRef = A850ED602203A12900DBF1A6 /* GoogleService-Info.plist */; };
		A850ED622203A12900DBF1A6 /* GoogleService-Info.plist in Resources */ = {isa = PBXBuildFile; fileRef = A850ED602203A12900DBF1A6 /* GoogleService-Info.plist */; };
		A8B2F37C22040710006B91D1 /* NotificationServiceTest.swift in Sources */ = {isa = PBXBuildFile; fileRef = A8B2F37B22040710006B91D1 /* NotificationServiceTest.swift */; };
		A91BA3372202404600DED6B3 /* LoginVCTests.swift in Sources */ = {isa = PBXBuildFile; fileRef = A91BA3362202404600DED6B3 /* LoginVCTests.swift */; };
		A91BA33A22024A8900DED6B3 /* LoginExistingVCTests.swift in Sources */ = {isa = PBXBuildFile; fileRef = A91BA33922024A8900DED6B3 /* LoginExistingVCTests.swift */; };
		A91BA33C22024D0E00DED6B3 /* MockAuthHandler.swift in Sources */ = {isa = PBXBuildFile; fileRef = A91BA33B22024D0E00DED6B3 /* MockAuthHandler.swift */; };
		A91BA33E22027BFD00DED6B3 /* ProfileVC.swift in Sources */ = {isa = PBXBuildFile; fileRef = A91BA33D22027BFD00DED6B3 /* ProfileVC.swift */; };
		A9203538220CD4E500D115F2 /* DeleteAccountVCTests.swift in Sources */ = {isa = PBXBuildFile; fileRef = A9203537220CD4E400D115F2 /* DeleteAccountVCTests.swift */; };
		A920353A220CD60D00D115F2 /* SettingsVCTests.swift in Sources */ = {isa = PBXBuildFile; fileRef = A9203539220CD60D00D115F2 /* SettingsVCTests.swift */; };
		A9B144AF220B4165004C614E /* SettingsVC.swift in Sources */ = {isa = PBXBuildFile; fileRef = A9B144AE220B4165004C614E /* SettingsVC.swift */; };
		A9B144B1220C82A0004C614E /* AppDelegateTests.swift in Sources */ = {isa = PBXBuildFile; fileRef = A9B144B0220C82A0004C614E /* AppDelegateTests.swift */; };
		A9E8BF402201427A00C05F2C /* LoginVC.swift in Sources */ = {isa = PBXBuildFile; fileRef = A9E8BF3F2201427A00C05F2C /* LoginVC.swift */; };
		A9E8BF45220143A300C05F2C /* AuthHandler.swift in Sources */ = {isa = PBXBuildFile; fileRef = A9E8BF44220143A300C05F2C /* AuthHandler.swift */; };
		A9E8BF472201534D00C05F2C /* LoginExistingVC.swift in Sources */ = {isa = PBXBuildFile; fileRef = A9E8BF462201534D00C05F2C /* LoginExistingVC.swift */; };
		A9E8BF4A2201F9D700C05F2C /* UnderlinedTextbox.swift in Sources */ = {isa = PBXBuildFile; fileRef = A9E8BF492201F9D700C05F2C /* UnderlinedTextbox.swift */; };
		A9E8BF4C2201FB9C00C05F2C /* ControlColors.swift in Sources */ = {isa = PBXBuildFile; fileRef = A9E8BF4B2201FB9C00C05F2C /* ControlColors.swift */; };
		A9E8BF5A2202055B00C05F2C /* UIApplication.swift in Sources */ = {isa = PBXBuildFile; fileRef = A9E8BF592202055B00C05F2C /* UIApplication.swift */; };
		A9E8BF5C22022D9400C05F2C /* LoginBase.swift in Sources */ = {isa = PBXBuildFile; fileRef = A9E8BF5B22022D9400C05F2C /* LoginBase.swift */; };
		A9E8BF5E22022F3400C05F2C /* UIVIewController.swift in Sources */ = {isa = PBXBuildFile; fileRef = A9E8BF5D22022F3400C05F2C /* UIVIewController.swift */; };
		A9E8BF60220239EF00C05F2C /* UIApplicationTests.swift in Sources */ = {isa = PBXBuildFile; fileRef = A9E8BF5F220239EE00C05F2C /* UIApplicationTests.swift */; };
		A9E8BF6622023D2E00C05F2C /* UIViewControlTests.swift in Sources */ = {isa = PBXBuildFile; fileRef = A9E8BF6522023D2E00C05F2C /* UIViewControlTests.swift */; };
		B6AC549F21F8DB8300B075B8 /* AppDelegate.swift in Sources */ = {isa = PBXBuildFile; fileRef = B6AC549E21F8DB8300B075B8 /* AppDelegate.swift */; };
		B6AC54A621F8DB8500B075B8 /* Assets.xcassets in Resources */ = {isa = PBXBuildFile; fileRef = B6AC54A521F8DB8500B075B8 /* Assets.xcassets */; };
		BC97CE98FE7521FEC111E8D8 /* Pods_Buddies.framework in Frameworks */ = {isa = PBXBuildFile; fileRef = 3FDCC5B2DD5AC1E657A929E7 /* Pods_Buddies.framework */; };
		D224642A61925CB2F139C62A /* Pods_BuddiesTests.framework in Frameworks */ = {isa = PBXBuildFile; fileRef = A75D052FEF0993FE926DD6A9 /* Pods_BuddiesTests.framework */; };
/* End PBXBuildFile section */

/* Begin PBXContainerItemProxy section */
		B6AC54B021F8DB8500B075B8 /* PBXContainerItemProxy */ = {
			isa = PBXContainerItemProxy;
			containerPortal = B6AC549321F8DB8300B075B8 /* Project object */;
			proxyType = 1;
			remoteGlobalIDString = B6AC549A21F8DB8300B075B8;
			remoteInfo = Buddies;
		};
/* End PBXContainerItemProxy section */

/* Begin PBXFileReference section */
		175E6AB724FECB3A49170B22 /* Pods-Buddies.debug.xcconfig */ = {isa = PBXFileReference; includeInIndex = 1; lastKnownFileType = text.xcconfig; name = "Pods-Buddies.debug.xcconfig"; path = "Pods/Target Support Files/Pods-Buddies/Pods-Buddies.debug.xcconfig"; sourceTree = "<group>"; };
		22663AE425AE50AC65D6EE5D /* Pods_BuddiesUITests.framework */ = {isa = PBXFileReference; explicitFileType = wrapper.framework; includeInIndex = 0; path = Pods_BuddiesUITests.framework; sourceTree = BUILT_PRODUCTS_DIR; };
		3FDCC5B2DD5AC1E657A929E7 /* Pods_Buddies.framework */ = {isa = PBXFileReference; explicitFileType = wrapper.framework; includeInIndex = 0; path = Pods_Buddies.framework; sourceTree = BUILT_PRODUCTS_DIR; };
		450CC0F4220964F000282BAB /* SignUpInfoVCTests.swift */ = {isa = PBXFileReference; lastKnownFileType = sourcecode.swift; path = SignUpInfoVCTests.swift; sourceTree = "<group>"; };
		4515BC23220BA95F0027B415 /* CreateActivityVC.swift */ = {isa = PBXFileReference; lastKnownFileType = sourcecode.swift; path = CreateActivityVC.swift; sourceTree = "<group>"; };
		458CE72B220D36DC00012637 /* SearchTextField.swift */ = {isa = PBXFileReference; lastKnownFileType = sourcecode.swift; path = SearchTextField.swift; sourceTree = "<group>"; };
		458CE72D220D472200012637 /* MapItemSearchResult.swift */ = {isa = PBXFileReference; lastKnownFileType = sourcecode.swift; path = MapItemSearchResult.swift; sourceTree = "<group>"; };
		45DA93A7220957CE0064CBEF /* Testing.swift */ = {isa = PBXFileReference; fileEncoding = 4; lastKnownFileType = sourcecode.swift; path = Testing.swift; sourceTree = "<group>"; };
		45FED0AC220A5F0300B90C3B /* Profile.storyboard */ = {isa = PBXFileReference; lastKnownFileType = file.storyboard; path = Profile.storyboard; sourceTree = "<group>"; };
		45FED0AE220A657100B90C3B /* DeleteAccountVC.swift */ = {isa = PBXFileReference; lastKnownFileType = sourcecode.swift; path = DeleteAccountVC.swift; sourceTree = "<group>"; };
		58022669220BE5E90068E08E /* ToggleButton.swift */ = {isa = PBXFileReference; lastKnownFileType = sourcecode.swift; path = ToggleButton.swift; sourceTree = "<group>"; };
		5802266E220CC1210068E08E /* ToggleButtonTests.swift */ = {isa = PBXFileReference; lastKnownFileType = sourcecode.swift; path = ToggleButtonTests.swift; sourceTree = "<group>"; };
		582D0FA522035C3D004F71E3 /* FirestoreManager.swift */ = {isa = PBXFileReference; lastKnownFileType = sourcecode.swift; path = FirestoreManager.swift; sourceTree = "<group>"; };
		582D0FA722036C93004F71E3 /* StorageManager.swift */ = {isa = PBXFileReference; lastKnownFileType = sourcecode.swift; path = StorageManager.swift; sourceTree = "<group>"; };
		583FD2DA220238F7005B2C75 /* LayoutMeasurementsTests.swift */ = {isa = PBXFileReference; lastKnownFileType = sourcecode.swift; path = LayoutMeasurementsTests.swift; sourceTree = "<group>"; };
		583FD2DD220244F8005B2C75 /* TopicModelTests.swift */ = {isa = PBXFileReference; lastKnownFileType = sourcecode.swift; path = TopicModelTests.swift; sourceTree = "<group>"; };
		589AD64022092F950090A96C /* FirebaseMock.swift */ = {isa = PBXFileReference; lastKnownFileType = sourcecode.swift; path = FirebaseMock.swift; sourceTree = "<group>"; };
		589AD643220948270090A96C /* UtilitiesMock.swift */ = {isa = PBXFileReference; lastKnownFileType = sourcecode.swift; path = UtilitiesMock.swift; sourceTree = "<group>"; };
		58A5A403220258E000E0BF38 /* bean.jpg */ = {isa = PBXFileReference; lastKnownFileType = image.jpeg; path = bean.jpg; sourceTree = "<group>"; };
		58A5A40622025C2B00E0BF38 /* TopicCellTest.swift */ = {isa = PBXFileReference; lastKnownFileType = sourcecode.swift; path = TopicCellTest.swift; sourceTree = "<group>"; };
		58A915B8220E2A5F008C325F /* PickTopics.storyboard */ = {isa = PBXFileReference; lastKnownFileType = file.storyboard; path = PickTopics.storyboard; sourceTree = "<group>"; };
		58A915BB220E30F4008C325F /* ActivityTableVC.swift */ = {isa = PBXFileReference; lastKnownFileType = sourcecode.swift; path = ActivityTableVC.swift; sourceTree = "<group>"; };
		58AAA6742203F52E00AA538A /* Initialization.swift */ = {isa = PBXFileReference; lastKnownFileType = sourcecode.swift; path = Initialization.swift; sourceTree = "<group>"; };
		58AAA6762203FD3A00AA538A /* TopicCollectionTests.swift */ = {isa = PBXFileReference; lastKnownFileType = sourcecode.swift; path = TopicCollectionTests.swift; sourceTree = "<group>"; };
		58EA1EF622041436003F6A3A /* StorageManagerTests.swift */ = {isa = PBXFileReference; lastKnownFileType = sourcecode.swift; path = StorageManagerTests.swift; sourceTree = "<group>"; };
		58EF8D832208A1DF00872770 /* FAB.swift */ = {isa = PBXFileReference; fileEncoding = 4; lastKnownFileType = sourcecode.swift; path = FAB.swift; sourceTree = "<group>"; };
		58EF8D872208A20500872770 /* SignUpInfoVC.swift */ = {isa = PBXFileReference; fileEncoding = 4; lastKnownFileType = sourcecode.swift; path = SignUpInfoVC.swift; sourceTree = "<group>"; };
		58EF8D8A2208A24700872770 /* DiscoverVC.swift */ = {isa = PBXFileReference; fileEncoding = 4; lastKnownFileType = sourcecode.swift; path = DiscoverVC.swift; sourceTree = "<group>"; };
		58EF8D8B2208A24700872770 /* MyActivitiesVC.swift */ = {isa = PBXFileReference; fileEncoding = 4; lastKnownFileType = sourcecode.swift; path = MyActivitiesVC.swift; sourceTree = "<group>"; };
		58EF8D8F2208A25E00872770 /* TopicCollection.swift */ = {isa = PBXFileReference; fileEncoding = 4; lastKnownFileType = sourcecode.swift; path = TopicCollection.swift; sourceTree = "<group>"; };
		58EF8D902208A25F00872770 /* TopicCell.swift */ = {isa = PBXFileReference; fileEncoding = 4; lastKnownFileType = sourcecode.swift; path = TopicCell.swift; sourceTree = "<group>"; };
		58EF8D912208A25F00872770 /* Topic.swift */ = {isa = PBXFileReference; fileEncoding = 4; lastKnownFileType = sourcecode.swift; path = Topic.swift; sourceTree = "<group>"; };
		58EF8D922208A25F00872770 /* TopicLayout.swift */ = {isa = PBXFileReference; fileEncoding = 4; lastKnownFileType = sourcecode.swift; path = TopicLayout.swift; sourceTree = "<group>"; };
		58EF8D932208A25F00872770 /* TopicsVC.swift */ = {isa = PBXFileReference; fileEncoding = 4; lastKnownFileType = sourcecode.swift; path = TopicsVC.swift; sourceTree = "<group>"; };
		58EF8D9F2208A2B300872770 /* FABTests.swift */ = {isa = PBXFileReference; fileEncoding = 4; lastKnownFileType = sourcecode.swift; path = FABTests.swift; sourceTree = "<group>"; };
		58EF8DA22208A2BC00872770 /* CreateActivityVCTests.swift */ = {isa = PBXFileReference; fileEncoding = 4; lastKnownFileType = sourcecode.swift; path = CreateActivityVCTests.swift; sourceTree = "<group>"; };
		58EF8DA52208A2C600872770 /* MyActivitiesVCTests.swift */ = {isa = PBXFileReference; fileEncoding = 4; lastKnownFileType = sourcecode.swift; path = MyActivitiesVCTests.swift; sourceTree = "<group>"; };
		58EF8DA62208A2C600872770 /* DiscoverVCTests.swift */ = {isa = PBXFileReference; fileEncoding = 4; lastKnownFileType = sourcecode.swift; path = DiscoverVCTests.swift; sourceTree = "<group>"; };
		58EF8DAE2208A2E900872770 /* TopicCollectionTests.swift */ = {isa = PBXFileReference; fileEncoding = 4; lastKnownFileType = sourcecode.swift; path = TopicCollectionTests.swift; sourceTree = "<group>"; };
		58EF8DAF2208A2E900872770 /* TopicModelTests.swift */ = {isa = PBXFileReference; fileEncoding = 4; lastKnownFileType = sourcecode.swift; path = TopicModelTests.swift; sourceTree = "<group>"; };
		58EF8DB02208A2E900872770 /* LayoutMeasurementsTests.swift */ = {isa = PBXFileReference; fileEncoding = 4; lastKnownFileType = sourcecode.swift; path = LayoutMeasurementsTests.swift; sourceTree = "<group>"; };
		58EF8DB12208A2E900872770 /* TopicCellTest.swift */ = {isa = PBXFileReference; fileEncoding = 4; lastKnownFileType = sourcecode.swift; path = TopicCellTest.swift; sourceTree = "<group>"; };
		58EF8DB72208BE5E00872770 /* CreateActivity.storyboard */ = {isa = PBXFileReference; fileEncoding = 4; lastKnownFileType = file.storyboard; path = CreateActivity.storyboard; sourceTree = "<group>"; };
		58EF8DB82208BE5E00872770 /* BuddiesStoryboard.swift */ = {isa = PBXFileReference; fileEncoding = 4; lastKnownFileType = sourcecode.swift; path = BuddiesStoryboard.swift; sourceTree = "<group>"; };
		58EF8DBA2208BE5E00872770 /* Base */ = {isa = PBXFileReference; lastKnownFileType = file.storyboard; name = Base; path = Base.lproj/LaunchScreen.storyboard; sourceTree = "<group>"; };
		58EF8DBB2208BE5E00872770 /* Main.storyboard */ = {isa = PBXFileReference; fileEncoding = 4; lastKnownFileType = file.storyboard; path = Main.storyboard; sourceTree = "<group>"; };
		58EF8DBC2208BE5E00872770 /* Login.storyboard */ = {isa = PBXFileReference; fileEncoding = 4; lastKnownFileType = file.storyboard; path = Login.storyboard; sourceTree = "<group>"; };
		58EF8DBD2208BE5E00872770 /* Topics.storyboard */ = {isa = PBXFileReference; fileEncoding = 4; lastKnownFileType = file.storyboard; path = Topics.storyboard; sourceTree = "<group>"; };
		816AE6E7B58BFBD0416E039D /* Pods-BuddiesTests.debug.xcconfig */ = {isa = PBXFileReference; includeInIndex = 1; lastKnownFileType = text.xcconfig; name = "Pods-BuddiesTests.debug.xcconfig"; path = "Pods/Target Support Files/Pods-BuddiesTests/Pods-BuddiesTests.debug.xcconfig"; sourceTree = "<group>"; };
		A75D052FEF0993FE926DD6A9 /* Pods_BuddiesTests.framework */ = {isa = PBXFileReference; explicitFileType = wrapper.framework; includeInIndex = 0; path = Pods_BuddiesTests.framework; sourceTree = BUILT_PRODUCTS_DIR; };
		A850ED5C2203934200DBF1A6 /* NotificationService.swift */ = {isa = PBXFileReference; lastKnownFileType = sourcecode.swift; path = NotificationService.swift; sourceTree = "<group>"; };
		A850ED5F2203A0C100DBF1A6 /* Buddies.entitlements */ = {isa = PBXFileReference; lastKnownFileType = text.plist.entitlements; path = Buddies.entitlements; sourceTree = "<group>"; };
		A850ED602203A12900DBF1A6 /* GoogleService-Info.plist */ = {isa = PBXFileReference; fileEncoding = 4; lastKnownFileType = text.plist.xml; path = "GoogleService-Info.plist"; sourceTree = "<group>"; };
		A8B2F37B22040710006B91D1 /* NotificationServiceTest.swift */ = {isa = PBXFileReference; lastKnownFileType = sourcecode.swift; path = NotificationServiceTest.swift; sourceTree = "<group>"; };
		A91BA3362202404600DED6B3 /* LoginVCTests.swift */ = {isa = PBXFileReference; lastKnownFileType = sourcecode.swift; path = LoginVCTests.swift; sourceTree = "<group>"; };
		A91BA33922024A8900DED6B3 /* LoginExistingVCTests.swift */ = {isa = PBXFileReference; lastKnownFileType = sourcecode.swift; path = LoginExistingVCTests.swift; sourceTree = "<group>"; };
		A91BA33B22024D0E00DED6B3 /* MockAuthHandler.swift */ = {isa = PBXFileReference; lastKnownFileType = sourcecode.swift; path = MockAuthHandler.swift; sourceTree = "<group>"; };
		A91BA33D22027BFD00DED6B3 /* ProfileVC.swift */ = {isa = PBXFileReference; lastKnownFileType = sourcecode.swift; path = ProfileVC.swift; sourceTree = "<group>"; };
		A9203537220CD4E400D115F2 /* DeleteAccountVCTests.swift */ = {isa = PBXFileReference; lastKnownFileType = sourcecode.swift; path = DeleteAccountVCTests.swift; sourceTree = "<group>"; };
		A9203539220CD60D00D115F2 /* SettingsVCTests.swift */ = {isa = PBXFileReference; lastKnownFileType = sourcecode.swift; path = SettingsVCTests.swift; sourceTree = "<group>"; };
		A9B144AE220B4165004C614E /* SettingsVC.swift */ = {isa = PBXFileReference; lastKnownFileType = sourcecode.swift; path = SettingsVC.swift; sourceTree = "<group>"; };
		A9B144B0220C82A0004C614E /* AppDelegateTests.swift */ = {isa = PBXFileReference; lastKnownFileType = sourcecode.swift; path = AppDelegateTests.swift; sourceTree = "<group>"; };
		A9E8BF3F2201427A00C05F2C /* LoginVC.swift */ = {isa = PBXFileReference; lastKnownFileType = sourcecode.swift; path = LoginVC.swift; sourceTree = "<group>"; };
		A9E8BF44220143A300C05F2C /* AuthHandler.swift */ = {isa = PBXFileReference; lastKnownFileType = sourcecode.swift; path = AuthHandler.swift; sourceTree = "<group>"; };
		A9E8BF462201534D00C05F2C /* LoginExistingVC.swift */ = {isa = PBXFileReference; lastKnownFileType = sourcecode.swift; path = LoginExistingVC.swift; sourceTree = "<group>"; };
		A9E8BF492201F9D700C05F2C /* UnderlinedTextbox.swift */ = {isa = PBXFileReference; lastKnownFileType = sourcecode.swift; path = UnderlinedTextbox.swift; sourceTree = "<group>"; };
		A9E8BF4B2201FB9C00C05F2C /* ControlColors.swift */ = {isa = PBXFileReference; lastKnownFileType = sourcecode.swift; path = ControlColors.swift; sourceTree = "<group>"; };
		A9E8BF592202055B00C05F2C /* UIApplication.swift */ = {isa = PBXFileReference; lastKnownFileType = sourcecode.swift; path = UIApplication.swift; sourceTree = "<group>"; };
		A9E8BF5B22022D9400C05F2C /* LoginBase.swift */ = {isa = PBXFileReference; lastKnownFileType = sourcecode.swift; path = LoginBase.swift; sourceTree = "<group>"; };
		A9E8BF5D22022F3400C05F2C /* UIVIewController.swift */ = {isa = PBXFileReference; lastKnownFileType = sourcecode.swift; path = UIVIewController.swift; sourceTree = "<group>"; };
		A9E8BF5F220239EE00C05F2C /* UIApplicationTests.swift */ = {isa = PBXFileReference; lastKnownFileType = sourcecode.swift; path = UIApplicationTests.swift; sourceTree = "<group>"; };
		A9E8BF6522023D2E00C05F2C /* UIViewControlTests.swift */ = {isa = PBXFileReference; lastKnownFileType = sourcecode.swift; path = UIViewControlTests.swift; sourceTree = "<group>"; };
		B6AC549B21F8DB8300B075B8 /* Buddies.app */ = {isa = PBXFileReference; explicitFileType = wrapper.application; includeInIndex = 0; path = Buddies.app; sourceTree = BUILT_PRODUCTS_DIR; };
		B6AC549E21F8DB8300B075B8 /* AppDelegate.swift */ = {isa = PBXFileReference; lastKnownFileType = sourcecode.swift; path = AppDelegate.swift; sourceTree = "<group>"; };
		B6AC54A521F8DB8500B075B8 /* Assets.xcassets */ = {isa = PBXFileReference; lastKnownFileType = folder.assetcatalog; path = Assets.xcassets; sourceTree = "<group>"; };
		B6AC54AA21F8DB8500B075B8 /* Info.plist */ = {isa = PBXFileReference; lastKnownFileType = text.plist.xml; path = Info.plist; sourceTree = "<group>"; };
		B6AC54AF21F8DB8500B075B8 /* BuddiesTests.xctest */ = {isa = PBXFileReference; explicitFileType = wrapper.cfbundle; includeInIndex = 0; path = BuddiesTests.xctest; sourceTree = BUILT_PRODUCTS_DIR; };
		B6AC54B521F8DB8500B075B8 /* Info.plist */ = {isa = PBXFileReference; lastKnownFileType = text.plist.xml; path = Info.plist; sourceTree = "<group>"; };
		B99012110D81D232FCCCF814 /* Pods-BuddiesTests.release.xcconfig */ = {isa = PBXFileReference; includeInIndex = 1; lastKnownFileType = text.xcconfig; name = "Pods-BuddiesTests.release.xcconfig"; path = "Pods/Target Support Files/Pods-BuddiesTests/Pods-BuddiesTests.release.xcconfig"; sourceTree = "<group>"; };
		E239FFC5C11CDB70A2230436 /* Pods-Buddies.release.xcconfig */ = {isa = PBXFileReference; includeInIndex = 1; lastKnownFileType = text.xcconfig; name = "Pods-Buddies.release.xcconfig"; path = "Pods/Target Support Files/Pods-Buddies/Pods-Buddies.release.xcconfig"; sourceTree = "<group>"; };
/* End PBXFileReference section */

/* Begin PBXFrameworksBuildPhase section */
		B6AC549821F8DB8300B075B8 /* Frameworks */ = {
			isa = PBXFrameworksBuildPhase;
			buildActionMask = 2147483647;
			files = (
				BC97CE98FE7521FEC111E8D8 /* Pods_Buddies.framework in Frameworks */,
			);
			runOnlyForDeploymentPostprocessing = 0;
		};
		B6AC54AC21F8DB8500B075B8 /* Frameworks */ = {
			isa = PBXFrameworksBuildPhase;
			buildActionMask = 2147483647;
			files = (
				D224642A61925CB2F139C62A /* Pods_BuddiesTests.framework in Frameworks */,
			);
			runOnlyForDeploymentPostprocessing = 0;
		};
/* End PBXFrameworksBuildPhase section */

/* Begin PBXGroup section */
		45F5E3382209525400E4C0FD /* Recovered References */ = {
			isa = PBXGroup;
			children = (
			);
			name = "Recovered References";
			sourceTree = "<group>";
		};
		45FBF7A722095A030007DD6D /* CreateActivity */ = {
			isa = PBXGroup;
			children = (
				4515BC23220BA95F0027B415 /* CreateActivityVC.swift */,
				458CE72D220D472200012637 /* MapItemSearchResult.swift */,
			);
			path = CreateActivity;
			sourceTree = "<group>";
		};
		582D0FA422035C21004F71E3 /* Utilities */ = {
			isa = PBXGroup;
			children = (
				582D0FA522035C3D004F71E3 /* FirestoreManager.swift */,
				582D0FA722036C93004F71E3 /* StorageManager.swift */,
				58AAA6742203F52E00AA538A /* Initialization.swift */,
			);
			path = Utilities;
			sourceTree = "<group>";
		};
		583FD2DC220244E6005B2C75 /* Topics */ = {
			isa = PBXGroup;
			children = (
				583FD2DA220238F7005B2C75 /* LayoutMeasurementsTests.swift */,
				583FD2DD220244F8005B2C75 /* TopicModelTests.swift */,
				58A5A40622025C2B00E0BF38 /* TopicCellTest.swift */,
				58AAA6762203FD3A00AA538A /* TopicCollectionTests.swift */,
			);
			path = Topics;
			sourceTree = "<group>";
		};
		589AD642220934FD0090A96C /* CommonMock */ = {
			isa = PBXGroup;
			children = (
				589AD64022092F950090A96C /* FirebaseMock.swift */,
				589AD643220948270090A96C /* UtilitiesMock.swift */,
			);
			path = CommonMock;
			sourceTree = "<group>";
		};
		58A915BA220E30DA008C325F /* Activities */ = {
			isa = PBXGroup;
			children = (
				58A915BB220E30F4008C325F /* ActivityTableVC.swift */,
			);
			path = Activities;
			sourceTree = "<group>";
		};
		58D2A9FF220201A1009ABCBC /* Topics */ = {
			isa = PBXGroup;
			children = (
				58EF8D912208A25F00872770 /* Topic.swift */,
				58EF8D902208A25F00872770 /* TopicCell.swift */,
				58EF8D8F2208A25E00872770 /* TopicCollection.swift */,
				58EF8D922208A25F00872770 /* TopicLayout.swift */,
				58EF8D932208A25F00872770 /* TopicsVC.swift */,
			);
			path = Topics;
			sourceTree = "<group>";
		};
		58EA1EF52204141F003F6A3A /* Utilities */ = {
			isa = PBXGroup;
			children = (
				58EA1EF622041436003F6A3A /* StorageManagerTests.swift */,
			);
			path = Utilities;
			sourceTree = "<group>";
		};
		58EF8D9E2208A2B300872770 /* Controls */ = {
			isa = PBXGroup;
			children = (
				58EF8D9F2208A2B300872770 /* FABTests.swift */,
				5802266E220CC1210068E08E /* ToggleButtonTests.swift */,
			);
			path = Controls;
			sourceTree = "<group>";
		};
		58EF8DA12208A2BC00872770 /* CreateActivity */ = {
			isa = PBXGroup;
			children = (
				58EF8DA22208A2BC00872770 /* CreateActivityVCTests.swift */,
			);
			path = CreateActivity;
			sourceTree = "<group>";
		};
		58EF8DA42208A2C600872770 /* Main */ = {
			isa = PBXGroup;
			children = (
				58EF8DA52208A2C600872770 /* MyActivitiesVCTests.swift */,
				58EF8DA62208A2C600872770 /* DiscoverVCTests.swift */,
			);
			path = Main;
			sourceTree = "<group>";
		};
		58EF8DAD2208A2E900872770 /* Topics */ = {
			isa = PBXGroup;
			children = (
				58EF8DAE2208A2E900872770 /* TopicCollectionTests.swift */,
				58EF8DAF2208A2E900872770 /* TopicModelTests.swift */,
				58EF8DB02208A2E900872770 /* LayoutMeasurementsTests.swift */,
				58EF8DB12208A2E900872770 /* TopicCellTest.swift */,
			);
			path = Topics;
			sourceTree = "<group>";
		};
		58EF8DB62208BE5E00872770 /* Storyboards */ = {
			isa = PBXGroup;
			children = (
				58EF8DB82208BE5E00872770 /* BuddiesStoryboard.swift */,
				58EF8DB72208BE5E00872770 /* CreateActivity.storyboard */,
				58EF8DB92208BE5E00872770 /* LaunchScreen.storyboard */,
				58EF8DBB2208BE5E00872770 /* Main.storyboard */,
				58EF8DBC2208BE5E00872770 /* Login.storyboard */,
				58EF8DBD2208BE5E00872770 /* Topics.storyboard */,
				45FED0AC220A5F0300B90C3B /* Profile.storyboard */,
				58A915B8220E2A5F008C325F /* PickTopics.storyboard */,
			);
			path = Storyboards;
			sourceTree = "<group>";
		};
		58F2E9032208C02C00D15214 /* Discover */ = {
			isa = PBXGroup;
			children = (
				58EF8D8A2208A24700872770 /* DiscoverVC.swift */,
			);
			path = Discover;
			sourceTree = "<group>";
		};
		58F2E9042208C03F00D15214 /* MyActivities */ = {
			isa = PBXGroup;
			children = (
				58EF8D8B2208A24700872770 /* MyActivitiesVC.swift */,
			);
			path = MyActivities;
			sourceTree = "<group>";
		};
		58F2E9052208C05100D15214 /* Profile */ = {
			isa = PBXGroup;
			children = (
				A91BA33D22027BFD00DED6B3 /* ProfileVC.swift */,
				45FED0AE220A657100B90C3B /* DeleteAccountVC.swift */,
				A9B144AE220B4165004C614E /* SettingsVC.swift */,
			);
			path = Profile;
			sourceTree = "<group>";
		};
		769FE6AA175095E2C7DD39A9 /* Pods */ = {
			isa = PBXGroup;
			children = (
				175E6AB724FECB3A49170B22 /* Pods-Buddies.debug.xcconfig */,
				E239FFC5C11CDB70A2230436 /* Pods-Buddies.release.xcconfig */,
				816AE6E7B58BFBD0416E039D /* Pods-BuddiesTests.debug.xcconfig */,
				B99012110D81D232FCCCF814 /* Pods-BuddiesTests.release.xcconfig */,
			);
			name = Pods;
			sourceTree = "<group>";
		};
		821E1FEC13FCAEDDDB13A1A6 /* Frameworks */ = {
			isa = PBXGroup;
			children = (
				3FDCC5B2DD5AC1E657A929E7 /* Pods_Buddies.framework */,
				A75D052FEF0993FE926DD6A9 /* Pods_BuddiesTests.framework */,
				22663AE425AE50AC65D6EE5D /* Pods_BuddiesUITests.framework */,
			);
			name = Frameworks;
			sourceTree = "<group>";
		};
		A850ED5E2203942800DBF1A6 /* Notifications */ = {
			isa = PBXGroup;
			children = (
				A850ED5C2203934200DBF1A6 /* NotificationService.swift */,
			);
			path = Notifications;
			sourceTree = "<group>";
		};
		A9203534220CCB2E00D115F2 /* Profile */ = {
			isa = PBXGroup;
			children = (
				A9203537220CD4E400D115F2 /* DeleteAccountVCTests.swift */,
				A9203539220CD60D00D115F2 /* SettingsVCTests.swift */,
			);
			path = Profile;
			sourceTree = "<group>";
		};
		A9E8BF482201F7DB00C05F2C /* Controls */ = {
			isa = PBXGroup;
			children = (
				58EF8D832208A1DF00872770 /* FAB.swift */,
				A9E8BF492201F9D700C05F2C /* UnderlinedTextbox.swift */,
				A9E8BF4B2201FB9C00C05F2C /* ControlColors.swift */,
				458CE72B220D36DC00012637 /* SearchTextField.swift */,
				58022669220BE5E90068E08E /* ToggleButton.swift */,
			);
			path = Controls;
			sourceTree = "<group>";
		};
		A9E8BF4F2201FFA800C05F2C /* Onboarding */ = {
			isa = PBXGroup;
			children = (
				A9E8BF3F2201427A00C05F2C /* LoginVC.swift */,
				A9E8BF462201534D00C05F2C /* LoginExistingVC.swift */,
				A9E8BF5B22022D9400C05F2C /* LoginBase.swift */,
				58EF8D872208A20500872770 /* SignUpInfoVC.swift */,
				A9E8BF44220143A300C05F2C /* AuthHandler.swift */,
			);
			path = Onboarding;
			sourceTree = "<group>";
		};
		A9E8BF532202015A00C05F2C /* Extensions */ = {
			isa = PBXGroup;
			children = (
				A9E8BF592202055B00C05F2C /* UIApplication.swift */,
				A9E8BF5D22022F3400C05F2C /* UIVIewController.swift */,
			);
			path = Extensions;
			sourceTree = "<group>";
		};
		A9E8BF6122023CF100C05F2C /* Extensions */ = {
			isa = PBXGroup;
			children = (
				A9E8BF5F220239EE00C05F2C /* UIApplicationTests.swift */,
				A9E8BF6522023D2E00C05F2C /* UIViewControlTests.swift */,
			);
			path = Extensions;
			sourceTree = "<group>";
		};
		A9E8BF6322023D0D00C05F2C /* Onboarding */ = {
			isa = PBXGroup;
			children = (
				A91BA3362202404600DED6B3 /* LoginVCTests.swift */,
				A91BA33922024A8900DED6B3 /* LoginExistingVCTests.swift */,
				A91BA33B22024D0E00DED6B3 /* MockAuthHandler.swift */,
				450CC0F4220964F000282BAB /* SignUpInfoVCTests.swift */,
			);
			path = Onboarding;
			sourceTree = "<group>";
		};
		B6AC549221F8DB8300B075B8 = {
			isa = PBXGroup;
			children = (
				B6AC549D21F8DB8300B075B8 /* Buddies */,
				B6AC54B221F8DB8500B075B8 /* BuddiesTests */,
				B6AC549C21F8DB8300B075B8 /* Products */,
				769FE6AA175095E2C7DD39A9 /* Pods */,
				821E1FEC13FCAEDDDB13A1A6 /* Frameworks */,
				45F5E3382209525400E4C0FD /* Recovered References */,
			);
			sourceTree = "<group>";
		};
		B6AC549C21F8DB8300B075B8 /* Products */ = {
			isa = PBXGroup;
			children = (
				B6AC549B21F8DB8300B075B8 /* Buddies.app */,
				B6AC54AF21F8DB8500B075B8 /* BuddiesTests.xctest */,
			);
			name = Products;
			sourceTree = "<group>";
		};
		B6AC549D21F8DB8300B075B8 /* Buddies */ = {
			isa = PBXGroup;
			children = (
				58A915BA220E30DA008C325F /* Activities */,
				45FBF7A722095A030007DD6D /* CreateActivity */,
				A850ED5F2203A0C100DBF1A6 /* Buddies.entitlements */,
				58EF8DB62208BE5E00872770 /* Storyboards */,
				582D0FA422035C21004F71E3 /* Utilities */,
				58D2A9FF220201A1009ABCBC /* Topics */,
				A9E8BF532202015A00C05F2C /* Extensions */,
				A9E8BF4F2201FFA800C05F2C /* Onboarding */,
				A850ED5E2203942800DBF1A6 /* Notifications */,
				A9E8BF482201F7DB00C05F2C /* Controls */,
				58F2E9032208C02C00D15214 /* Discover */,
				58F2E9052208C05100D15214 /* Profile */,
				58F2E9042208C03F00D15214 /* MyActivities */,
				B6AC54A521F8DB8500B075B8 /* Assets.xcassets */,
				A850ED602203A12900DBF1A6 /* GoogleService-Info.plist */,
				B6AC549E21F8DB8300B075B8 /* AppDelegate.swift */,
				B6AC54AA21F8DB8500B075B8 /* Info.plist */,
			);
			path = Buddies;
			sourceTree = "<group>";
		};
		B6AC54B221F8DB8500B075B8 /* BuddiesTests */ = {
			isa = PBXGroup;
			children = (
				A9203534220CCB2E00D115F2 /* Profile */,
				58EF8DAD2208A2E900872770 /* Topics */,
				58EF8DA42208A2C600872770 /* Main */,
				58EF8DA12208A2BC00872770 /* CreateActivity */,
				58EF8D9E2208A2B300872770 /* Controls */,
				58EA1EF52204141F003F6A3A /* Utilities */,
				58A5A403220258E000E0BF38 /* bean.jpg */,
				583FD2DC220244E6005B2C75 /* Topics */,
				A9E8BF6322023D0D00C05F2C /* Onboarding */,
				A9E8BF6122023CF100C05F2C /* Extensions */,
				B6AC54B521F8DB8500B075B8 /* Info.plist */,
				A9B144B0220C82A0004C614E /* AppDelegateTests.swift */,
				A8B2F37B22040710006B91D1 /* NotificationServiceTest.swift */,
				45DA93A7220957CE0064CBEF /* Testing.swift */,
				589AD642220934FD0090A96C /* CommonMock */,
			);
			path = BuddiesTests;
			sourceTree = "<group>";
		};
/* End PBXGroup section */

/* Begin PBXNativeTarget section */
		B6AC549A21F8DB8300B075B8 /* Buddies */ = {
			isa = PBXNativeTarget;
			buildConfigurationList = B6AC54C321F8DB8500B075B8 /* Build configuration list for PBXNativeTarget "Buddies" */;
			buildPhases = (
				063DD4C7231860EBA6B13EE7 /* [CP] Check Pods Manifest.lock */,
				B6AC549721F8DB8300B075B8 /* Sources */,
				B6AC549821F8DB8300B075B8 /* Frameworks */,
				B6AC549921F8DB8300B075B8 /* Resources */,
				292DF00C1BD13A9CCC766FDE /* [CP] Embed Pods Frameworks */,
			);
			buildRules = (
			);
			dependencies = (
			);
			name = Buddies;
			productName = Buddies;
			productReference = B6AC549B21F8DB8300B075B8 /* Buddies.app */;
			productType = "com.apple.product-type.application";
		};
		B6AC54AE21F8DB8500B075B8 /* BuddiesTests */ = {
			isa = PBXNativeTarget;
			buildConfigurationList = B6AC54C621F8DB8500B075B8 /* Build configuration list for PBXNativeTarget "BuddiesTests" */;
			buildPhases = (
				E6AB4C744E5761107CE47EE6 /* [CP] Check Pods Manifest.lock */,
				B6AC54AB21F8DB8500B075B8 /* Sources */,
				B6AC54AC21F8DB8500B075B8 /* Frameworks */,
				B6AC54AD21F8DB8500B075B8 /* Resources */,
			);
			buildRules = (
			);
			dependencies = (
				B6AC54B121F8DB8500B075B8 /* PBXTargetDependency */,
			);
			name = BuddiesTests;
			productName = BuddiesTests;
			productReference = B6AC54AF21F8DB8500B075B8 /* BuddiesTests.xctest */;
			productType = "com.apple.product-type.bundle.unit-test";
		};
/* End PBXNativeTarget section */

/* Begin PBXProject section */
		B6AC549321F8DB8300B075B8 /* Project object */ = {
			isa = PBXProject;
			attributes = {
				LastSwiftUpdateCheck = 1010;
				LastUpgradeCheck = 1010;
				ORGANIZATIONNAME = "Jack and the Beans";
				TargetAttributes = {
					B6AC549A21F8DB8300B075B8 = {
						CreatedOnToolsVersion = 10.1;
						SystemCapabilities = {
							com.apple.Push = {
								enabled = 1;
							};
						};
					};
					B6AC54AE21F8DB8500B075B8 = {
						CreatedOnToolsVersion = 10.1;
						TestTargetID = B6AC549A21F8DB8300B075B8;
					};
				};
			};
			buildConfigurationList = B6AC549621F8DB8300B075B8 /* Build configuration list for PBXProject "Buddies" */;
			compatibilityVersion = "Xcode 9.3";
			developmentRegion = en;
			hasScannedForEncodings = 0;
			knownRegions = (
				en,
				Base,
			);
			mainGroup = B6AC549221F8DB8300B075B8;
			productRefGroup = B6AC549C21F8DB8300B075B8 /* Products */;
			projectDirPath = "";
			projectRoot = "";
			targets = (
				B6AC549A21F8DB8300B075B8 /* Buddies */,
				B6AC54AE21F8DB8500B075B8 /* BuddiesTests */,
			);
		};
/* End PBXProject section */

/* Begin PBXResourcesBuildPhase section */
		B6AC549921F8DB8300B075B8 /* Resources */ = {
			isa = PBXResourcesBuildPhase;
			buildActionMask = 2147483647;
			files = (
				58EF8DC22208BE5E00872770 /* Login.storyboard in Resources */,
				58EF8DC32208BE5E00872770 /* Topics.storyboard in Resources */,
				58EF8DC12208BE5E00872770 /* Main.storyboard in Resources */,
				58EF8DBE2208BE5E00872770 /* CreateActivity.storyboard in Resources */,
				A850ED612203A12900DBF1A6 /* GoogleService-Info.plist in Resources */,
				58EF8DC02208BE5E00872770 /* LaunchScreen.storyboard in Resources */,
				45FED0AD220A5F0300B90C3B /* Profile.storyboard in Resources */,
				58A915B9220E2A5F008C325F /* PickTopics.storyboard in Resources */,
				B6AC54A621F8DB8500B075B8 /* Assets.xcassets in Resources */,
				58A5A40522025B6400E0BF38 /* bean.jpg in Resources */,
			);
			runOnlyForDeploymentPostprocessing = 0;
		};
		B6AC54AD21F8DB8500B075B8 /* Resources */ = {
			isa = PBXResourcesBuildPhase;
			buildActionMask = 2147483647;
			files = (
				58A5A404220258E000E0BF38 /* bean.jpg in Resources */,
				A850ED622203A12900DBF1A6 /* GoogleService-Info.plist in Resources */,
			);
			runOnlyForDeploymentPostprocessing = 0;
		};
/* End PBXResourcesBuildPhase section */

/* Begin PBXShellScriptBuildPhase section */
		063DD4C7231860EBA6B13EE7 /* [CP] Check Pods Manifest.lock */ = {
			isa = PBXShellScriptBuildPhase;
			buildActionMask = 2147483647;
			files = (
			);
			inputPaths = (
				"${PODS_PODFILE_DIR_PATH}/Podfile.lock",
				"${PODS_ROOT}/Manifest.lock",
			);
			name = "[CP] Check Pods Manifest.lock";
			outputPaths = (
				"$(DERIVED_FILE_DIR)/Pods-Buddies-checkManifestLockResult.txt",
			);
			runOnlyForDeploymentPostprocessing = 0;
			shellPath = /bin/sh;
			shellScript = "diff \"${PODS_PODFILE_DIR_PATH}/Podfile.lock\" \"${PODS_ROOT}/Manifest.lock\" > /dev/null\nif [ $? != 0 ] ; then\n    # print error to STDERR\n    echo \"error: The sandbox is not in sync with the Podfile.lock. Run 'pod install' or update your CocoaPods installation.\" >&2\n    exit 1\nfi\n# This output is used by Xcode 'outputs' to avoid re-running this script phase.\necho \"SUCCESS\" > \"${SCRIPT_OUTPUT_FILE_0}\"\n";
			showEnvVarsInLog = 0;
		};
		292DF00C1BD13A9CCC766FDE /* [CP] Embed Pods Frameworks */ = {
			isa = PBXShellScriptBuildPhase;
			buildActionMask = 2147483647;
			files = (
			);
			inputPaths = (
				"${SRCROOT}/Pods/Target Support Files/Pods-Buddies/Pods-Buddies-frameworks.sh",
				"${BUILT_PRODUCTS_DIR}/Bolts/Bolts.framework",
				"${BUILT_PRODUCTS_DIR}/BoringSSL-GRPC/openssl_grpc.framework",
				"${BUILT_PRODUCTS_DIR}/FBSDKCoreKit/FBSDKCoreKit.framework",
				"${BUILT_PRODUCTS_DIR}/FBSDKLoginKit/FBSDKLoginKit.framework",
				"${BUILT_PRODUCTS_DIR}/GTMSessionFetcher/GTMSessionFetcher.framework",
				"${BUILT_PRODUCTS_DIR}/GoogleUtilities/GoogleUtilities.framework",
				"${BUILT_PRODUCTS_DIR}/Protobuf/Protobuf.framework",
				"${BUILT_PRODUCTS_DIR}/gRPC-C++/grpcpp.framework",
				"${BUILT_PRODUCTS_DIR}/gRPC-Core/grpc.framework",
				"${BUILT_PRODUCTS_DIR}/leveldb-library/leveldb.framework",
				"${BUILT_PRODUCTS_DIR}/nanopb/nanopb.framework",
			);
			name = "[CP] Embed Pods Frameworks";
			outputPaths = (
				"${TARGET_BUILD_DIR}/${FRAMEWORKS_FOLDER_PATH}/Bolts.framework",
				"${TARGET_BUILD_DIR}/${FRAMEWORKS_FOLDER_PATH}/openssl_grpc.framework",
				"${TARGET_BUILD_DIR}/${FRAMEWORKS_FOLDER_PATH}/FBSDKCoreKit.framework",
				"${TARGET_BUILD_DIR}/${FRAMEWORKS_FOLDER_PATH}/FBSDKLoginKit.framework",
				"${TARGET_BUILD_DIR}/${FRAMEWORKS_FOLDER_PATH}/GTMSessionFetcher.framework",
				"${TARGET_BUILD_DIR}/${FRAMEWORKS_FOLDER_PATH}/GoogleUtilities.framework",
				"${TARGET_BUILD_DIR}/${FRAMEWORKS_FOLDER_PATH}/Protobuf.framework",
				"${TARGET_BUILD_DIR}/${FRAMEWORKS_FOLDER_PATH}/grpcpp.framework",
				"${TARGET_BUILD_DIR}/${FRAMEWORKS_FOLDER_PATH}/grpc.framework",
				"${TARGET_BUILD_DIR}/${FRAMEWORKS_FOLDER_PATH}/leveldb.framework",
				"${TARGET_BUILD_DIR}/${FRAMEWORKS_FOLDER_PATH}/nanopb.framework",
			);
			runOnlyForDeploymentPostprocessing = 0;
			shellPath = /bin/sh;
			shellScript = "\"${SRCROOT}/Pods/Target Support Files/Pods-Buddies/Pods-Buddies-frameworks.sh\"\n";
			showEnvVarsInLog = 0;
		};
		E6AB4C744E5761107CE47EE6 /* [CP] Check Pods Manifest.lock */ = {
			isa = PBXShellScriptBuildPhase;
			buildActionMask = 2147483647;
			files = (
			);
			inputPaths = (
				"${PODS_PODFILE_DIR_PATH}/Podfile.lock",
				"${PODS_ROOT}/Manifest.lock",
			);
			name = "[CP] Check Pods Manifest.lock";
			outputPaths = (
				"$(DERIVED_FILE_DIR)/Pods-BuddiesTests-checkManifestLockResult.txt",
			);
			runOnlyForDeploymentPostprocessing = 0;
			shellPath = /bin/sh;
			shellScript = "diff \"${PODS_PODFILE_DIR_PATH}/Podfile.lock\" \"${PODS_ROOT}/Manifest.lock\" > /dev/null\nif [ $? != 0 ] ; then\n    # print error to STDERR\n    echo \"error: The sandbox is not in sync with the Podfile.lock. Run 'pod install' or update your CocoaPods installation.\" >&2\n    exit 1\nfi\n# This output is used by Xcode 'outputs' to avoid re-running this script phase.\necho \"SUCCESS\" > \"${SCRIPT_OUTPUT_FILE_0}\"\n";
			showEnvVarsInLog = 0;
		};
/* End PBXShellScriptBuildPhase section */

/* Begin PBXSourcesBuildPhase section */
		B6AC549721F8DB8300B075B8 /* Sources */ = {
			isa = PBXSourcesBuildPhase;
			buildActionMask = 2147483647;
			files = (
				58EF8D882208A20500872770 /* SignUpInfoVC.swift in Sources */,
				58EF8D8D2208A24700872770 /* DiscoverVC.swift in Sources */,
				B6AC549F21F8DB8300B075B8 /* AppDelegate.swift in Sources */,
				58EF8D8E2208A24700872770 /* MyActivitiesVC.swift in Sources */,
				58AAA6752203F52E00AA538A /* Initialization.swift in Sources */,
				58EF8D962208A25F00872770 /* TopicCell.swift in Sources */,
				58EF8D952208A25F00872770 /* TopicCollection.swift in Sources */,
				582D0FA822036C93004F71E3 /* StorageManager.swift in Sources */,
				B6AC549F21F8DB8300B075B8 /* AppDelegate.swift in Sources */,
				A9E8BF472201534D00C05F2C /* LoginExistingVC.swift in Sources */,
				5802266A220BE5E90068E08E /* ToggleButton.swift in Sources */,
				A9E8BF402201427A00C05F2C /* LoginVC.swift in Sources */,
				45DA93A8220957CE0064CBEF /* Testing.swift in Sources */,
				58A915BC220E30F4008C325F /* ActivityTableVC.swift in Sources */,
				58EF8D972208A25F00872770 /* Topic.swift in Sources */,
				58EF8D852208A1DF00872770 /* FAB.swift in Sources */,
				A850ED5D2203934200DBF1A6 /* NotificationService.swift in Sources */,
				A9E8BF4A2201F9D700C05F2C /* UnderlinedTextbox.swift in Sources */,
				A9E8BF45220143A300C05F2C /* AuthHandler.swift in Sources */,
				58EF8D992208A25F00872770 /* TopicsVC.swift in Sources */,
				582D0FA622035C3D004F71E3 /* FirestoreManager.swift in Sources */,
				58EF8D982208A25F00872770 /* TopicLayout.swift in Sources */,
				A9E8BF5A2202055B00C05F2C /* UIApplication.swift in Sources */,
				A9E8BF5C22022D9400C05F2C /* LoginBase.swift in Sources */,
				A9E8BF5E22022F3400C05F2C /* UIVIewController.swift in Sources */,
				58EF8DBF2208BE5E00872770 /* BuddiesStoryboard.swift in Sources */,
				458CE72C220D36DC00012637 /* SearchTextField.swift in Sources */,
				A91BA33E22027BFD00DED6B3 /* ProfileVC.swift in Sources */,
				458CE72E220D472200012637 /* MapItemSearchResult.swift in Sources */,
				45FED0AF220A657100B90C3B /* DeleteAccountVC.swift in Sources */,
				A9B144AF220B4165004C614E /* SettingsVC.swift in Sources */,
				A9E8BF4C2201FB9C00C05F2C /* ControlColors.swift in Sources */,
				4515BC24220BA95F0027B415 /* CreateActivityVC.swift in Sources */,
			);
			runOnlyForDeploymentPostprocessing = 0;
		};
		B6AC54AB21F8DB8500B075B8 /* Sources */ = {
			isa = PBXSourcesBuildPhase;
			buildActionMask = 2147483647;
			files = (
				58A5A40722025C2B00E0BF38 /* TopicCellTest.swift in Sources */,
				58EF8DA82208A2C600872770 /* DiscoverVCTests.swift in Sources */,
				58EF8DA32208A2BC00872770 /* CreateActivityVCTests.swift in Sources */,
				A8B2F37C22040710006B91D1 /* NotificationServiceTest.swift in Sources */,
				58AAA6772203FD3A00AA538A /* TopicCollectionTests.swift in Sources */,
				58EA1EF722041436003F6A3A /* StorageManagerTests.swift in Sources */,
				A920353A220CD60D00D115F2 /* SettingsVCTests.swift in Sources */,
				450CC0F5220964F000282BAB /* SignUpInfoVCTests.swift in Sources */,
				5802266F220CC1210068E08E /* ToggleButtonTests.swift in Sources */,
				45DA93A9220957CE0064CBEF /* Testing.swift in Sources */,
				589AD64122092F950090A96C /* FirebaseMock.swift in Sources */,
				589AD644220948270090A96C /* UtilitiesMock.swift in Sources */,
				A91BA3372202404600DED6B3 /* LoginVCTests.swift in Sources */,
				58EF8DB22208A2E900872770 /* TopicCollectionTests.swift in Sources */,
				A91BA33C22024D0E00DED6B3 /* MockAuthHandler.swift in Sources */,
				A91BA33A22024A8900DED6B3 /* LoginExistingVCTests.swift in Sources */,
				A9E8BF6622023D2E00C05F2C /* UIViewControlTests.swift in Sources */,
				A9B144B1220C82A0004C614E /* AppDelegateTests.swift in Sources */,
				A9E8BF60220239EF00C05F2C /* UIApplicationTests.swift in Sources */,
				58EF8DB42208A2E900872770 /* LayoutMeasurementsTests.swift in Sources */,
				58EF8DA72208A2C600872770 /* MyActivitiesVCTests.swift in Sources */,
				A9203538220CD4E500D115F2 /* DeleteAccountVCTests.swift in Sources */,
			);
			runOnlyForDeploymentPostprocessing = 0;
		};
/* End PBXSourcesBuildPhase section */

/* Begin PBXTargetDependency section */
		B6AC54B121F8DB8500B075B8 /* PBXTargetDependency */ = {
			isa = PBXTargetDependency;
			target = B6AC549A21F8DB8300B075B8 /* Buddies */;
			targetProxy = B6AC54B021F8DB8500B075B8 /* PBXContainerItemProxy */;
		};
/* End PBXTargetDependency section */

/* Begin PBXVariantGroup section */
		58EF8DB92208BE5E00872770 /* LaunchScreen.storyboard */ = {
			isa = PBXVariantGroup;
			children = (
				58EF8DBA2208BE5E00872770 /* Base */,
			);
			name = LaunchScreen.storyboard;
			sourceTree = "<group>";
		};
/* End PBXVariantGroup section */

/* Begin XCBuildConfiguration section */
		B6AC54C121F8DB8500B075B8 /* Debug */ = {
			isa = XCBuildConfiguration;
			buildSettings = {
				ALWAYS_SEARCH_USER_PATHS = NO;
				CLANG_ANALYZER_NONNULL = YES;
				CLANG_ANALYZER_NUMBER_OBJECT_CONVERSION = YES_AGGRESSIVE;
				CLANG_CXX_LANGUAGE_STANDARD = "gnu++14";
				CLANG_CXX_LIBRARY = "libc++";
				CLANG_ENABLE_MODULES = YES;
				CLANG_ENABLE_OBJC_ARC = YES;
				CLANG_ENABLE_OBJC_WEAK = YES;
				CLANG_WARN_BLOCK_CAPTURE_AUTORELEASING = YES;
				CLANG_WARN_BOOL_CONVERSION = YES;
				CLANG_WARN_COMMA = YES;
				CLANG_WARN_CONSTANT_CONVERSION = YES;
				CLANG_WARN_DEPRECATED_OBJC_IMPLEMENTATIONS = YES;
				CLANG_WARN_DIRECT_OBJC_ISA_USAGE = YES_ERROR;
				CLANG_WARN_DOCUMENTATION_COMMENTS = YES;
				CLANG_WARN_EMPTY_BODY = YES;
				CLANG_WARN_ENUM_CONVERSION = YES;
				CLANG_WARN_INFINITE_RECURSION = YES;
				CLANG_WARN_INT_CONVERSION = YES;
				CLANG_WARN_NON_LITERAL_NULL_CONVERSION = YES;
				CLANG_WARN_OBJC_IMPLICIT_RETAIN_SELF = YES;
				CLANG_WARN_OBJC_LITERAL_CONVERSION = YES;
				CLANG_WARN_OBJC_ROOT_CLASS = YES_ERROR;
				CLANG_WARN_RANGE_LOOP_ANALYSIS = YES;
				CLANG_WARN_STRICT_PROTOTYPES = YES;
				CLANG_WARN_SUSPICIOUS_MOVE = YES;
				CLANG_WARN_UNGUARDED_AVAILABILITY = YES_AGGRESSIVE;
				CLANG_WARN_UNREACHABLE_CODE = YES;
				CLANG_WARN__DUPLICATE_METHOD_MATCH = YES;
				CODE_SIGN_IDENTITY = "iPhone Developer";
				COPY_PHASE_STRIP = NO;
				DEBUG_INFORMATION_FORMAT = dwarf;
				ENABLE_STRICT_OBJC_MSGSEND = YES;
				ENABLE_TESTABILITY = YES;
				GCC_C_LANGUAGE_STANDARD = gnu11;
				GCC_DYNAMIC_NO_PIC = NO;
				GCC_NO_COMMON_BLOCKS = YES;
				GCC_OPTIMIZATION_LEVEL = 0;
				GCC_PREPROCESSOR_DEFINITIONS = (
					"DEBUG=1",
					"$(inherited)",
				);
				GCC_WARN_64_TO_32_BIT_CONVERSION = YES;
				GCC_WARN_ABOUT_RETURN_TYPE = YES_ERROR;
				GCC_WARN_UNDECLARED_SELECTOR = YES;
				GCC_WARN_UNINITIALIZED_AUTOS = YES_AGGRESSIVE;
				GCC_WARN_UNUSED_FUNCTION = YES;
				GCC_WARN_UNUSED_VARIABLE = YES;
				IPHONEOS_DEPLOYMENT_TARGET = 12.1;
				MTL_ENABLE_DEBUG_INFO = INCLUDE_SOURCE;
				MTL_FAST_MATH = YES;
				ONLY_ACTIVE_ARCH = YES;
				SDKROOT = iphoneos;
				SWIFT_ACTIVE_COMPILATION_CONDITIONS = DEBUG;
				SWIFT_OPTIMIZATION_LEVEL = "-Onone";
			};
			name = Debug;
		};
		B6AC54C221F8DB8500B075B8 /* Release */ = {
			isa = XCBuildConfiguration;
			buildSettings = {
				ALWAYS_SEARCH_USER_PATHS = NO;
				CLANG_ANALYZER_NONNULL = YES;
				CLANG_ANALYZER_NUMBER_OBJECT_CONVERSION = YES_AGGRESSIVE;
				CLANG_CXX_LANGUAGE_STANDARD = "gnu++14";
				CLANG_CXX_LIBRARY = "libc++";
				CLANG_ENABLE_MODULES = YES;
				CLANG_ENABLE_OBJC_ARC = YES;
				CLANG_ENABLE_OBJC_WEAK = YES;
				CLANG_WARN_BLOCK_CAPTURE_AUTORELEASING = YES;
				CLANG_WARN_BOOL_CONVERSION = YES;
				CLANG_WARN_COMMA = YES;
				CLANG_WARN_CONSTANT_CONVERSION = YES;
				CLANG_WARN_DEPRECATED_OBJC_IMPLEMENTATIONS = YES;
				CLANG_WARN_DIRECT_OBJC_ISA_USAGE = YES_ERROR;
				CLANG_WARN_DOCUMENTATION_COMMENTS = YES;
				CLANG_WARN_EMPTY_BODY = YES;
				CLANG_WARN_ENUM_CONVERSION = YES;
				CLANG_WARN_INFINITE_RECURSION = YES;
				CLANG_WARN_INT_CONVERSION = YES;
				CLANG_WARN_NON_LITERAL_NULL_CONVERSION = YES;
				CLANG_WARN_OBJC_IMPLICIT_RETAIN_SELF = YES;
				CLANG_WARN_OBJC_LITERAL_CONVERSION = YES;
				CLANG_WARN_OBJC_ROOT_CLASS = YES_ERROR;
				CLANG_WARN_RANGE_LOOP_ANALYSIS = YES;
				CLANG_WARN_STRICT_PROTOTYPES = YES;
				CLANG_WARN_SUSPICIOUS_MOVE = YES;
				CLANG_WARN_UNGUARDED_AVAILABILITY = YES_AGGRESSIVE;
				CLANG_WARN_UNREACHABLE_CODE = YES;
				CLANG_WARN__DUPLICATE_METHOD_MATCH = YES;
				CODE_SIGN_IDENTITY = "iPhone Developer";
				COPY_PHASE_STRIP = NO;
				DEBUG_INFORMATION_FORMAT = "dwarf-with-dsym";
				ENABLE_NS_ASSERTIONS = NO;
				ENABLE_STRICT_OBJC_MSGSEND = YES;
				GCC_C_LANGUAGE_STANDARD = gnu11;
				GCC_NO_COMMON_BLOCKS = YES;
				GCC_WARN_64_TO_32_BIT_CONVERSION = YES;
				GCC_WARN_ABOUT_RETURN_TYPE = YES_ERROR;
				GCC_WARN_UNDECLARED_SELECTOR = YES;
				GCC_WARN_UNINITIALIZED_AUTOS = YES_AGGRESSIVE;
				GCC_WARN_UNUSED_FUNCTION = YES;
				GCC_WARN_UNUSED_VARIABLE = YES;
				IPHONEOS_DEPLOYMENT_TARGET = 12.1;
				MTL_ENABLE_DEBUG_INFO = NO;
				MTL_FAST_MATH = YES;
				SDKROOT = iphoneos;
				SWIFT_COMPILATION_MODE = wholemodule;
				SWIFT_OPTIMIZATION_LEVEL = "-O";
				VALIDATE_PRODUCT = YES;
			};
			name = Release;
		};
		B6AC54C421F8DB8500B075B8 /* Debug */ = {
			isa = XCBuildConfiguration;
			baseConfigurationReference = 175E6AB724FECB3A49170B22 /* Pods-Buddies.debug.xcconfig */;
			buildSettings = {
				ASSETCATALOG_COMPILER_APPICON_NAME = AppIcon;
				CODE_SIGN_ENTITLEMENTS = Buddies/Buddies.entitlements;
				CODE_SIGN_STYLE = Automatic;
				DEVELOPMENT_TEAM = 74YMV2J9D7;
				INFOPLIST_FILE = Buddies/Info.plist;
				LD_RUNPATH_SEARCH_PATHS = (
					"$(inherited)",
					"@executable_path/Frameworks",
				);
				PRODUCT_BUNDLE_IDENTIFIER = edu.gcc.cs.buddies;
				PRODUCT_NAME = "$(TARGET_NAME)";
				SWIFT_VERSION = 4.2;
				TARGETED_DEVICE_FAMILY = "1,2";
			};
			name = Debug;
		};
		B6AC54C521F8DB8500B075B8 /* Release */ = {
			isa = XCBuildConfiguration;
			baseConfigurationReference = E239FFC5C11CDB70A2230436 /* Pods-Buddies.release.xcconfig */;
			buildSettings = {
				ASSETCATALOG_COMPILER_APPICON_NAME = AppIcon;
				CODE_SIGN_ENTITLEMENTS = Buddies/Buddies.entitlements;
				CODE_SIGN_STYLE = Automatic;
				DEVELOPMENT_TEAM = 74YMV2J9D7;
				INFOPLIST_FILE = Buddies/Info.plist;
				LD_RUNPATH_SEARCH_PATHS = (
					"$(inherited)",
					"@executable_path/Frameworks",
				);
				PRODUCT_BUNDLE_IDENTIFIER = edu.gcc.cs.buddies;
				PRODUCT_NAME = "$(TARGET_NAME)";
				SWIFT_VERSION = 4.2;
				TARGETED_DEVICE_FAMILY = "1,2";
			};
			name = Release;
		};
		B6AC54C721F8DB8500B075B8 /* Debug */ = {
			isa = XCBuildConfiguration;
			baseConfigurationReference = 816AE6E7B58BFBD0416E039D /* Pods-BuddiesTests.debug.xcconfig */;
			buildSettings = {
				ALWAYS_EMBED_SWIFT_STANDARD_LIBRARIES = YES;
				BUNDLE_LOADER = "$(TEST_HOST)";
				CODE_SIGN_STYLE = Automatic;
				DEVELOPMENT_TEAM = 74YMV2J9D7;
				INFOPLIST_FILE = BuddiesTests/Info.plist;
				LD_RUNPATH_SEARCH_PATHS = (
					"$(inherited)",
					"@executable_path/Frameworks",
					"@loader_path/Frameworks",
				);
				PRODUCT_BUNDLE_IDENTIFIER = "jack-and-the-beans.BuddiesTests";
				PRODUCT_NAME = "$(TARGET_NAME)";
				SWIFT_VERSION = 4.2;
				TARGETED_DEVICE_FAMILY = "1,2";
				TEST_HOST = "$(BUILT_PRODUCTS_DIR)/Buddies.app/Buddies";
			};
			name = Debug;
		};
		B6AC54C821F8DB8500B075B8 /* Release */ = {
			isa = XCBuildConfiguration;
			baseConfigurationReference = B99012110D81D232FCCCF814 /* Pods-BuddiesTests.release.xcconfig */;
			buildSettings = {
				ALWAYS_EMBED_SWIFT_STANDARD_LIBRARIES = YES;
				BUNDLE_LOADER = "$(TEST_HOST)";
				CODE_SIGN_STYLE = Automatic;
				DEVELOPMENT_TEAM = 74YMV2J9D7;
				INFOPLIST_FILE = BuddiesTests/Info.plist;
				LD_RUNPATH_SEARCH_PATHS = (
					"$(inherited)",
					"@executable_path/Frameworks",
					"@loader_path/Frameworks",
				);
				PRODUCT_BUNDLE_IDENTIFIER = "jack-and-the-beans.BuddiesTests";
				PRODUCT_NAME = "$(TARGET_NAME)";
				SWIFT_VERSION = 4.2;
				TARGETED_DEVICE_FAMILY = "1,2";
				TEST_HOST = "$(BUILT_PRODUCTS_DIR)/Buddies.app/Buddies";
			};
			name = Release;
		};
/* End XCBuildConfiguration section */

/* Begin XCConfigurationList section */
		B6AC549621F8DB8300B075B8 /* Build configuration list for PBXProject "Buddies" */ = {
			isa = XCConfigurationList;
			buildConfigurations = (
				B6AC54C121F8DB8500B075B8 /* Debug */,
				B6AC54C221F8DB8500B075B8 /* Release */,
			);
			defaultConfigurationIsVisible = 0;
			defaultConfigurationName = Release;
		};
		B6AC54C321F8DB8500B075B8 /* Build configuration list for PBXNativeTarget "Buddies" */ = {
			isa = XCConfigurationList;
			buildConfigurations = (
				B6AC54C421F8DB8500B075B8 /* Debug */,
				B6AC54C521F8DB8500B075B8 /* Release */,
			);
			defaultConfigurationIsVisible = 0;
			defaultConfigurationName = Release;
		};
		B6AC54C621F8DB8500B075B8 /* Build configuration list for PBXNativeTarget "BuddiesTests" */ = {
			isa = XCConfigurationList;
			buildConfigurations = (
				B6AC54C721F8DB8500B075B8 /* Debug */,
				B6AC54C821F8DB8500B075B8 /* Release */,
			);
			defaultConfigurationIsVisible = 0;
			defaultConfigurationName = Release;
		};
/* End XCConfigurationList section */
	};
	rootObject = B6AC549321F8DB8300B075B8 /* Project object */;
}
